github.com/Hilson-Alex/butterfly_embed v1.0.0 h1:IJhBx20vPvjh6hgeHP3g7sd+qYifgpv3a7lxBHWqRGI=
github.com/Hilson-Alex/butterfly_embed v1.0.0/go.mod h1:0n6VLegwsgL+qgKDrIoeJSd2wWpd3aKJ6cBAy4w/hdo=
github.com/Hilson-Alex/calldef v1.0.0 h1:fCwuJ2cd6u6DyoACr2m7AvLQqEY/ZhdT5HbFNUdFdIE=
github.com/Hilson-Alex/calldef v1.0.0/go.mod h1:GpnnUefTxFfI/0FQisP2s67TLXHd9TCPcflZjUBvPZk=
github.com/Hilson-Alex/goembed v1.0.6 h1:6a2KjBwhiBeWzbdYXrS5C5qy7VLUgU0ZkKZmAS3uDU8=
github.com/Hilson-Alex/goembed v1.0.6/go.mod h1:Rappp8MB+wmxVojL255H1BiwUAPM8FgomCgbl2R4HU0=
github.com/Hilson-Alex/goembed v1.0.7 h1:QaF/7qH+gfztpTF7t1Kts7IX6LsLmd8xH4qi2ZQOdOs=
github.com/Hilson-Alex/goembed v1.0.7/go.mod h1:Rappp8MB+wmxVojL255H1BiwUAPM8FgomCgbl2R4HU0=
